
Microsoft Visual Studio Solution File, Format Version 12.00
# Visual Studio Version 17
VisualStudioVersion = 17.6.33829.357
MinimumVisualStudioVersion = 10.0.40219.1
Project("{FAE04EC0-301F-11D3-BF4B-00C04F79EFBC}") = "ProyectoDB1", "ProyectoDB1\ProyectoDB1.csproj", "{52975B0E-1888-496C-9C4A-C19617E30998}"
EndProject
Global
	GlobalSection(SolutionConfigurationPlatforms) = preSolution
		Debug|Any CPU = Debug|Any CPU
		Release|Any CPU = Release|Any CPU
	EndGlobalSection
	GlobalSection(ProjectConfigurationPlatforms) = postSolution
		{52975B0E-1888-496C-9C4A-C19617E30998}.Debug|Any CPU.ActiveCfg = Debug|Any CPU
		{52975B0E-1888-496C-9C4A-C19617E30998}.Debug|Any CPU.Build.0 = Debug|Any CPU
		{52975B0E-1888-496C-9C4A-C19617E30998}.Release|Any CPU.ActiveCfg = Release|Any CPU
		{52975B0E-1888-496C-9C4A-C19617E30998}.Release|Any CPU.Build.0 = Release|Any CPU
	EndGlobalSection
	GlobalSection(SolutionProperties) = preSolution
		HideSolutionNode = FALSE
	EndGlobalSection
	GlobalSection(ExtensibilityGlobals) = postSolution
		SolutionGuid = {BE91D287-E0A3-4CC7-8693-53C1A9FF7283}
	EndGlobalSection
EndGlobal
